
Microsoft Visual Studio Solution File, Format Version 12.00
# Visual Studio Version 17
VisualStudioVersion = 17.11.35208.52
MinimumVisualStudioVersion = 10.0.40219.1
Project("{FAE04EC0-301F-11D3-BF4B-00C04F79EFBC}") = "WebMarketGB", "WebMarketGB\WebMarketGB.csproj", "{94F28E30-1B6B-4232-B143-58A1A2E49B82}"
EndProject
Global
	GlobalSection(SolutionConfigurationPlatforms) = preSolution
		Debug|Any CPU = Debug|Any CPU
		Release|Any CPU = Release|Any CPU
	EndGlobalSection
	GlobalSection(ProjectConfigurationPlatforms) = postSolution
		{94F28E30-1B6B-4232-B143-58A1A2E49B82}.Debug|Any CPU.ActiveCfg = Debug|Any CPU
		{94F28E30-1B6B-4232-B143-58A1A2E49B82}.Debug|Any CPU.Build.0 = Debug|Any CPU
		{94F28E30-1B6B-4232-B143-58A1A2E49B82}.Release|Any CPU.ActiveCfg = Release|Any CPU
		{94F28E30-1B6B-4232-B143-58A1A2E49B82}.Release|Any CPU.Build.0 = Release|Any CPU
	EndGlobalSection
	GlobalSection(SolutionProperties) = preSolution
		HideSolutionNode = FALSE
	EndGlobalSection
	GlobalSection(ExtensibilityGlobals) = postSolution
		SolutionGuid = {BE4942B4-1EC2-4639-AAE1-229099304B4D}
	EndGlobalSection
EndGlobal
